
Microsoft Visual Studio Solution File, Format Version 12.00
Project("{FAE04EC0-301F-11D3-BF4B-00C04F79EFBC}") = "Vet-REST-API", "Vet-REST-API\Vet-REST-API.csproj", "{2B70E1FE-0C23-4AB0-AA3E-64FB8FB42603}"
EndProject
Global
	GlobalSection(SolutionConfigurationPlatforms) = preSolution
		Debug|Any CPU = Debug|Any CPU
		Release|Any CPU = Release|Any CPU
	EndGlobalSection
	GlobalSection(ProjectConfigurationPlatforms) = postSolution
		{2B70E1FE-0C23-4AB0-AA3E-64FB8FB42603}.Debug|Any CPU.ActiveCfg = Debug|Any CPU
		{2B70E1FE-0C23-4AB0-AA3E-64FB8FB42603}.Debug|Any CPU.Build.0 = Debug|Any CPU
		{2B70E1FE-0C23-4AB0-AA3E-64FB8FB42603}.Release|Any CPU.ActiveCfg = Release|Any CPU
		{2B70E1FE-0C23-4AB0-AA3E-64FB8FB42603}.Release|Any CPU.Build.0 = Release|Any CPU
	EndGlobalSection
EndGlobal
